{
    "name": "npm-express-test",
    "version": "1.0.0",
    "lockfileVersion": 2,
    "requires": true,
    "packages": {
        "": {
            "name": "npm-express-test",
            "version": "1.0.0",
            "dependencies": {
                "cookie": "1.0.1"
            }
        },
        "node_modules/cookie": {
            "version": "1.0.1",
            "resolved": "https://registry.npmjs.org/cookie/-/cookie-1.0.1.tgz",
            "integrity": "sha512-Xd8lFX4LM9QEEwxQpF9J9NTUh8pmdJO0cyRJhFiDoLTk2eH8FXlRv2IFGYVadZpqI3j8fhNrSdKCeYPxiAhLXw==",
            "engines": {
                "node": ">=18"
            }
        }
    },
    "dependencies": {
        "cookie": {
            "version": "1.0.1",
            "resolved": "https://registry.npmjs.org/cookie/-/cookie-1.0.1.tgz",
            "integrity": "sha512-Xd8lFX4LM9QEEwxQpF9J9NTUh8pmdJO0cyRJhFiDoLTk2eH8FXlRv2IFGYVadZpqI3j8fhNrSdKCeYPxiAhLXw=="
        }
    }
}
